
Microsoft Visual Studio Solution File, Format Version 12.00
# Visual Studio Version 16
VisualStudioVersion = 16.0.31410.357
MinimumVisualStudioVersion = 10.0.40219.1
Project("{FAE04EC0-301F-11D3-BF4B-00C04F79EFBC}") = "GFT2.NETDIO-CatalagoDeBarbearias", "GFT2.NETDIO-CatalagoDeBarbearias\GFT2.NETDIO-CatalagoDeBarbearias.csproj", "{86913B1E-85BB-4262-83FC-9F885AE8398D}"
EndProject
Global
	GlobalSection(SolutionConfigurationPlatforms) = preSolution
		Debug|Any CPU = Debug|Any CPU
		Release|Any CPU = Release|Any CPU
	EndGlobalSection
	GlobalSection(ProjectConfigurationPlatforms) = postSolution
		{86913B1E-85BB-4262-83FC-9F885AE8398D}.Debug|Any CPU.ActiveCfg = Debug|Any CPU
		{86913B1E-85BB-4262-83FC-9F885AE8398D}.Debug|Any CPU.Build.0 = Debug|Any CPU
		{86913B1E-85BB-4262-83FC-9F885AE8398D}.Release|Any CPU.ActiveCfg = Release|Any CPU
		{86913B1E-85BB-4262-83FC-9F885AE8398D}.Release|Any CPU.Build.0 = Release|Any CPU
	EndGlobalSection
	GlobalSection(SolutionProperties) = preSolution
		HideSolutionNode = FALSE
	EndGlobalSection
	GlobalSection(ExtensibilityGlobals) = postSolution
		SolutionGuid = {3169F3C4-9F47-42D8-BFE5-50C4596AE164}
	EndGlobalSection
EndGlobal
